
Microsoft Visual Studio Solution File, Format Version 12.00
# Visual Studio 2013
VisualStudioVersion = 12.0.21005.1
MinimumVisualStudioVersion = 10.0.40219.1
Project("{8BC9CEB8-8B4A-11D0-8D11-00A0C91BC942}") = "AIEFramework", "AIEFramework\AIEFramework_vs2013.vcxproj", "{BBD02D30-A9A5-41ED-9C12-67EC17B5C08B}"
	ProjectSection(ProjectDependencies) = postProject
		{5D056CED-A513-41EE-A0DD-6ECFE546F6B0} = {5D056CED-A513-41EE-A0DD-6ECFE546F6B0}
	EndProjectSection
EndProject
Project("{8BC9CEB8-8B4A-11D0-8D11-00A0C91BC942}") = "FBXLoader", "..\tools\FBXLoader\FBXLoader_vs2013.vcxproj", "{5D056CED-A513-41EE-A0DD-6ECFE546F6B0}"
EndProject
Project("{8BC9CEB8-8B4A-11D0-8D11-00A0C91BC942}") = "Topic_02_Perlin", "Topic_02_Perlin\Topic_02_Perlin.vcxproj", "{B53D0A73-FE97-43D0-910D-1C63FE462251}"
	ProjectSection(ProjectDependencies) = postProject
		{BBD02D30-A9A5-41ED-9C12-67EC17B5C08B} = {BBD02D30-A9A5-41ED-9C12-67EC17B5C08B}
	EndProjectSection
EndProject
Project("{8BC9CEB8-8B4A-11D0-8D11-00A0C91BC942}") = "Topic_01_SceneManagement", "Topic_01_SceneManagement\Topic_01_SceneManagement.vcxproj", "{8F2E1661-C7CC-496C-A725-C8FAE64790CD}"
EndProject
Project("{8BC9CEB8-8B4A-11D0-8D11-00A0C91BC942}") = "Topic_03_UserInterfaces", "Topic_03_UserInterfaces\Topic_03_UserInterfaces.vcxproj", "{CD5302AF-E4F9-406B-B8B7-6CFA03A82989}"
EndProject
Project("{8BC9CEB8-8B4A-11D0-8D11-00A0C91BC942}") = "Topic_04_NavMesh", "Topic_04_NavMesh\Topic_04_NavMesh.vcxproj", "{21999237-13CE-44B7-8380-2FFA9F6D0727}"
	ProjectSection(ProjectDependencies) = postProject
		{BBD02D30-A9A5-41ED-9C12-67EC17B5C08B} = {BBD02D30-A9A5-41ED-9C12-67EC17B5C08B}
	EndProjectSection
EndProject
Project("{8BC9CEB8-8B4A-11D0-8D11-00A0C91BC942}") = "Topic_05_BehaviorTrees", "Topic_05_BehaviorTrees\Topic_05_BehaviorTrees.vcxproj", "{39A9ECA4-6C71-4159-9116-7261CECE2AA6}"
EndProject
Project("{8BC9CEB8-8B4A-11D0-8D11-00A0C91BC942}") = "Topic_06_GoalOrientedBehavior_Planning", "Topic_06_GoalOrientedBehavior_Planning\Topic_06_GoalOrientedBehavior_Planning.vcxproj", "{1B8BD2B1-7A13-41F5-B7DA-F9EC9E0BCFDC}"
	ProjectSection(ProjectDependencies) = postProject
		{BBD02D30-A9A5-41ED-9C12-67EC17B5C08B} = {BBD02D30-A9A5-41ED-9C12-67EC17B5C08B}
	EndProjectSection
EndProject
Project("{8BC9CEB8-8B4A-11D0-8D11-00A0C91BC942}") = "AI_Assessment", "AI_Assessment\AI_Assessment.vcxproj", "{82D4E2C0-7108-43F5-853E-D04757BDE7CD}"
	ProjectSection(ProjectDependencies) = postProject
		{BBD02D30-A9A5-41ED-9C12-67EC17B5C08B} = {BBD02D30-A9A5-41ED-9C12-67EC17B5C08B}
	EndProjectSection
EndProject
Project("{8BC9CEB8-8B4A-11D0-8D11-00A0C91BC942}") = "Networking_Client", "Networking_Client\Networking_Client.vcxproj", "{BF172720-C89E-4C6C-9B08-74FAC5D1774A}"
	ProjectSection(ProjectDependencies) = postProject
		{BBD02D30-A9A5-41ED-9C12-67EC17B5C08B} = {BBD02D30-A9A5-41ED-9C12-67EC17B5C08B}
	EndProjectSection
EndProject
Project("{8BC9CEB8-8B4A-11D0-8D11-00A0C91BC942}") = "Networking_Server", "Networking_Server\Networking_Server.vcxproj", "{8CFDDB7A-B48A-440A-98A8-E19F23460B83}"
	ProjectSection(ProjectDependencies) = postProject
		{BBD02D30-A9A5-41ED-9C12-67EC17B5C08B} = {BBD02D30-A9A5-41ED-9C12-67EC17B5C08B}
	EndProjectSection
EndProject
Project("{8BC9CEB8-8B4A-11D0-8D11-00A0C91BC942}") = "Networking_BadServer", "Networking_BadServer\Networking_BadServer.vcxproj", "{2AC56FC1-A82B-44E9-8763-1356A59E7A32}"
EndProject
Project("{8BC9CEB8-8B4A-11D0-8D11-00A0C91BC942}") = "Networking_ClientGame", "Networking_ClientGame\Networking_ClientGame.vcxproj", "{B220EECA-D9B9-4AFD-B284-7D89E039B33C}"
	ProjectSection(ProjectDependencies) = postProject
		{BBD02D30-A9A5-41ED-9C12-67EC17B5C08B} = {BBD02D30-A9A5-41ED-9C12-67EC17B5C08B}
	EndProjectSection
EndProject
Project("{8BC9CEB8-8B4A-11D0-8D11-00A0C91BC942}") = "Network_Assessment_Server", "Network_Assessment_Server\Network_Assessment_Server.vcxproj", "{BEAF6ED3-6584-4ADF-8691-01291A4EB259}"
EndProject
Project("{8BC9CEB8-8B4A-11D0-8D11-00A0C91BC942}") = "Network_Assessment_Client", "Network_Assessment_Client\Network_Assessment_Client.vcxproj", "{FF863A9D-AA1A-42A6-AD90-64FE52A2F87D}"
EndProject
Global
	GlobalSection(SolutionConfigurationPlatforms) = preSolution
		Debug|Win32 = Debug|Win32
		Release|Win32 = Release|Win32
	EndGlobalSection
	GlobalSection(ProjectConfigurationPlatforms) = postSolution
		{BBD02D30-A9A5-41ED-9C12-67EC17B5C08B}.Debug|Win32.ActiveCfg = Debug|Win32
		{BBD02D30-A9A5-41ED-9C12-67EC17B5C08B}.Debug|Win32.Build.0 = Debug|Win32
		{BBD02D30-A9A5-41ED-9C12-67EC17B5C08B}.Release|Win32.ActiveCfg = Release|Win32
		{BBD02D30-A9A5-41ED-9C12-67EC17B5C08B}.Release|Win32.Build.0 = Release|Win32
		{5D056CED-A513-41EE-A0DD-6ECFE546F6B0}.Debug|Win32.ActiveCfg = Debug|Win32
		{5D056CED-A513-41EE-A0DD-6ECFE546F6B0}.Debug|Win32.Build.0 = Debug|Win32
		{5D056CED-A513-41EE-A0DD-6ECFE546F6B0}.Release|Win32.ActiveCfg = Release|Win32
		{5D056CED-A513-41EE-A0DD-6ECFE546F6B0}.Release|Win32.Build.0 = Release|Win32
		{B53D0A73-FE97-43D0-910D-1C63FE462251}.Debug|Win32.ActiveCfg = Debug|Win32
		{B53D0A73-FE97-43D0-910D-1C63FE462251}.Debug|Win32.Build.0 = Debug|Win32
		{B53D0A73-FE97-43D0-910D-1C63FE462251}.Release|Win32.ActiveCfg = Release|Win32
		{B53D0A73-FE97-43D0-910D-1C63FE462251}.Release|Win32.Build.0 = Release|Win32
		{8F2E1661-C7CC-496C-A725-C8FAE64790CD}.Debug|Win32.ActiveCfg = Debug|Win32
		{8F2E1661-C7CC-496C-A725-C8FAE64790CD}.Debug|Win32.Build.0 = Debug|Win32
		{8F2E1661-C7CC-496C-A725-C8FAE64790CD}.Release|Win32.ActiveCfg = Release|Win32
		{8F2E1661-C7CC-496C-A725-C8FAE64790CD}.Release|Win32.Build.0 = Release|Win32
		{CD5302AF-E4F9-406B-B8B7-6CFA03A82989}.Debug|Win32.ActiveCfg = Debug|Win32
		{CD5302AF-E4F9-406B-B8B7-6CFA03A82989}.Debug|Win32.Build.0 = Debug|Win32
		{CD5302AF-E4F9-406B-B8B7-6CFA03A82989}.Release|Win32.ActiveCfg = Release|Win32
		{CD5302AF-E4F9-406B-B8B7-6CFA03A82989}.Release|Win32.Build.0 = Release|Win32
		{21999237-13CE-44B7-8380-2FFA9F6D0727}.Debug|Win32.ActiveCfg = Debug|Win32
		{21999237-13CE-44B7-8380-2FFA9F6D0727}.Debug|Win32.Build.0 = Debug|Win32
		{21999237-13CE-44B7-8380-2FFA9F6D0727}.Release|Win32.ActiveCfg = Release|Win32
		{21999237-13CE-44B7-8380-2FFA9F6D0727}.Release|Win32.Build.0 = Release|Win32
		{39A9ECA4-6C71-4159-9116-7261CECE2AA6}.Debug|Win32.ActiveCfg = Debug|Win32
		{39A9ECA4-6C71-4159-9116-7261CECE2AA6}.Debug|Win32.Build.0 = Debug|Win32
		{39A9ECA4-6C71-4159-9116-7261CECE2AA6}.Release|Win32.ActiveCfg = Release|Win32
		{39A9ECA4-6C71-4159-9116-7261CECE2AA6}.Release|Win32.Build.0 = Release|Win32
		{1B8BD2B1-7A13-41F5-B7DA-F9EC9E0BCFDC}.Debug|Win32.ActiveCfg = Debug|Win32
		{1B8BD2B1-7A13-41F5-B7DA-F9EC9E0BCFDC}.Debug|Win32.Build.0 = Debug|Win32
		{1B8BD2B1-7A13-41F5-B7DA-F9EC9E0BCFDC}.Release|Win32.ActiveCfg = Release|Win32
		{1B8BD2B1-7A13-41F5-B7DA-F9EC9E0BCFDC}.Release|Win32.Build.0 = Release|Win32
		{82D4E2C0-7108-43F5-853E-D04757BDE7CD}.Debug|Win32.ActiveCfg = Debug|Win32
		{82D4E2C0-7108-43F5-853E-D04757BDE7CD}.Debug|Win32.Build.0 = Debug|Win32
		{82D4E2C0-7108-43F5-853E-D04757BDE7CD}.Release|Win32.ActiveCfg = Release|Win32
		{82D4E2C0-7108-43F5-853E-D04757BDE7CD}.Release|Win32.Build.0 = Release|Win32
		{BF172720-C89E-4C6C-9B08-74FAC5D1774A}.Debug|Win32.ActiveCfg = Debug|Win32
		{BF172720-C89E-4C6C-9B08-74FAC5D1774A}.Debug|Win32.Build.0 = Debug|Win32
		{BF172720-C89E-4C6C-9B08-74FAC5D1774A}.Release|Win32.ActiveCfg = Release|Win32
		{BF172720-C89E-4C6C-9B08-74FAC5D1774A}.Release|Win32.Build.0 = Release|Win32
		{8CFDDB7A-B48A-440A-98A8-E19F23460B83}.Debug|Win32.ActiveCfg = Debug|Win32
		{8CFDDB7A-B48A-440A-98A8-E19F23460B83}.Debug|Win32.Build.0 = Debug|Win32
		{8CFDDB7A-B48A-440A-98A8-E19F23460B83}.Release|Win32.ActiveCfg = Release|Win32
		{8CFDDB7A-B48A-440A-98A8-E19F23460B83}.Release|Win32.Build.0 = Release|Win32
		{2AC56FC1-A82B-44E9-8763-1356A59E7A32}.Debug|Win32.ActiveCfg = Debug|Win32
		{2AC56FC1-A82B-44E9-8763-1356A59E7A32}.Debug|Win32.Build.0 = Debug|Win32
		{2AC56FC1-A82B-44E9-8763-1356A59E7A32}.Release|Win32.ActiveCfg = Release|Win32
		{2AC56FC1-A82B-44E9-8763-1356A59E7A32}.Release|Win32.Build.0 = Release|Win32
		{B220EECA-D9B9-4AFD-B284-7D89E039B33C}.Debug|Win32.ActiveCfg = Debug|Win32
		{B220EECA-D9B9-4AFD-B284-7D89E039B33C}.Debug|Win32.Build.0 = Debug|Win32
		{B220EECA-D9B9-4AFD-B284-7D89E039B33C}.Release|Win32.ActiveCfg = Release|Win32
		{B220EECA-D9B9-4AFD-B284-7D89E039B33C}.Release|Win32.Build.0 = Release|Win32
		{BEAF6ED3-6584-4ADF-8691-01291A4EB259}.Debug|Win32.ActiveCfg = Debug|Win32
		{BEAF6ED3-6584-4ADF-8691-01291A4EB259}.Debug|Win32.Build.0 = Debug|Win32
		{BEAF6ED3-6584-4ADF-8691-01291A4EB259}.Release|Win32.ActiveCfg = Release|Win32
		{BEAF6ED3-6584-4ADF-8691-01291A4EB259}.Release|Win32.Build.0 = Release|Win32
		{FF863A9D-AA1A-42A6-AD90-64FE52A2F87D}.Debug|Win32.ActiveCfg = Debug|Win32
		{FF863A9D-AA1A-42A6-AD90-64FE52A2F87D}.Debug|Win32.Build.0 = Debug|Win32
		{FF863A9D-AA1A-42A6-AD90-64FE52A2F87D}.Release|Win32.ActiveCfg = Release|Win32
		{FF863A9D-AA1A-42A6-AD90-64FE52A2F87D}.Release|Win32.Build.0 = Release|Win32
	EndGlobalSection
	GlobalSection(SolutionProperties) = preSolution
		HideSolutionNode = FALSE
	EndGlobalSection
EndGlobal
